{
  "name": "interactr.ng.resolver",
  "version": "1.2.1",
  "lockfileVersion": 1,
  "requires": true,
  "dependencies": {
    "@angular/core": {
      "version": "11.0.5",
      "resolved": "https://registry.npmjs.org/@angular/core/-/core-11.0.5.tgz",
      "integrity": "sha512-XAXWQi7R3ucZXQwx9QK5jSKJeQyRJ53u2dQDpr7R5stzeCy1a5hrNOkZLg9zOTTPcth/6+FrOrRZP9SMdxtw3w==",
      "dev": true,
      "requires": {
        "tslib": "^2.0.0"
      }
    },
    "@types/node": {
      "version": "8.10.59",
      "resolved": "https://registry.npmjs.org/@types/node/-/node-8.10.59.tgz",
      "integrity": "sha512-8RkBivJrDCyPpBXhVZcjh7cQxVBSmRk9QM7hOketZzp6Tg79c0N8kkpAIito9bnJ3HCVCHVYz+KHTEbfQNfeVQ==",
      "dev": true
    },
    "interactr": {
      "version": "1.2.1",
      "resolved": "https://registry.npmjs.org/interactr/-/interactr-1.2.1.tgz",
      "integrity": "sha512-N1i8eIFTztog0voJoLul4EbBaeCEVzjR5fQyWsZln6zdk22dNaoaF9kZSxDCn3iqLzx34xP3IDu3G27175bDLw==",
      "dev": true
    },
    "tslib": {
      "version": "2.4.0",
      "resolved": "https://registry.npmjs.org/tslib/-/tslib-2.4.0.tgz",
      "integrity": "sha512-d6xOpEDfsi2CZVlPQzGeux8XMwLT9hssAsaPYExaQMuYskwb+x1x7J371tWlbBdWHroy99KnVB6qIkUbs5X3UQ==",
      "dev": true
    },
    "typescript": {
      "version": "3.7.4",
      "resolved": "https://registry.npmjs.org/typescript/-/typescript-3.7.4.tgz",
      "integrity": "sha512-A25xv5XCtarLwXpcDNZzCGvW2D1S3/bACratYBx2sax8PefsFhlYmkQicKHvpYflFS8if4zne5zT5kpJ7pzuvw==",
      "dev": true
    }
  }
}
